uuid: 2af8ce41-16bc-4536-8e39-6730c052989b
langcode: en
status: true
dependencies:
  enforced:
    module:
      - gutenberg
  module:
    - block_content
_core:
  default_config_hash: 0nRdlyXwWiWvI4FdhHFKcKfOGaW3sirwqY0dUr5JIlg
id: block_content.reusable_block
label: 'Reusable block'
targetEntityType: block_content
cache: true
